// !$*UTF8*$!
{
	archiveVersion = 1;
	classes = {
	};
	objectVersion = 55;
	objects = {

/* Begin PBXBuildFile section */
		DC6C0E7028953BF100255FC7 /* AppDelegate.swift in Sources */ = {isa = PBXBuildFile; fileRef = DC6C0E6F28953BF100255FC7 /* AppDelegate.swift */; };
		DC6C0E7228953BF100255FC7 /* SceneDelegate.swift in Sources */ = {isa = PBXBuildFile; fileRef = DC6C0E7128953BF100255FC7 /* SceneDelegate.swift */; };
		DC6C0E7928953BF100255FC7 /* Assets.xcassets in Resources */ = {isa = PBXBuildFile; fileRef = DC6C0E7828953BF100255FC7 /* Assets.xcassets */; };
		DC6C0E7C28953BF100255FC7 /* LaunchScreen.storyboard in Resources */ = {isa = PBXBuildFile; fileRef = DC6C0E7A28953BF100255FC7 /* LaunchScreen.storyboard */; };
		DC6C0E8728953BF200255FC7 /* ListLoaderTests.swift in Sources */ = {isa = PBXBuildFile; fileRef = DC6C0E8628953BF200255FC7 /* ListLoaderTests.swift */; };
		DC6C0E9128953BF200255FC7 /* ListLoaderUITests.swift in Sources */ = {isa = PBXBuildFile; fileRef = DC6C0E9028953BF200255FC7 /* ListLoaderUITests.swift */; };
		DC6C0E9328953BF200255FC7 /* ListLoaderUITestsLaunchTests.swift in Sources */ = {isa = PBXBuildFile; fileRef = DC6C0E9228953BF200255FC7 /* ListLoaderUITestsLaunchTests.swift */; };
		DC6C0EA128953CAD00255FC7 /* Kingfisher in Frameworks */ = {isa = PBXBuildFile; productRef = DC6C0EA028953CAD00255FC7 /* Kingfisher */; };
		DC6C0EA428953CC500255FC7 /* Alamofire in Frameworks */ = {isa = PBXBuildFile; productRef = DC6C0EA328953CC500255FC7 /* Alamofire */; };
		DC6C0EB528953E1C00255FC7 /* IQKeyboardManagerSwift in Frameworks */ = {isa = PBXBuildFile; productRef = DC6C0EB428953E1C00255FC7 /* IQKeyboardManagerSwift */; };
		DC6C0EB828953EF900255FC7 /* RxBlocking in Frameworks */ = {isa = PBXBuildFile; productRef = DC6C0EB728953EF900255FC7 /* RxBlocking */; };
		DC6C0EBA28953EF900255FC7 /* RxCocoa in Frameworks */ = {isa = PBXBuildFile; productRef = DC6C0EB928953EF900255FC7 /* RxCocoa */; };
		DC6C0EBC28953EF900255FC7 /* RxRelay in Frameworks */ = {isa = PBXBuildFile; productRef = DC6C0EBB28953EF900255FC7 /* RxRelay */; };
		DC6C0EBE28953EF900255FC7 /* RxSwift in Frameworks */ = {isa = PBXBuildFile; productRef = DC6C0EBD28953EF900255FC7 /* RxSwift */; };
		DC6C0EC028953EF900255FC7 /* RxTest in Frameworks */ = {isa = PBXBuildFile; productRef = DC6C0EBF28953EF900255FC7 /* RxTest */; };
		DC6C0ECE289540C800255FC7 /* HomeViewController.swift in Sources */ = {isa = PBXBuildFile; fileRef = DC6C0ECC289540C800255FC7 /* HomeViewController.swift */; };
		DC6C0ED3289540F400255FC7 /* HomeViewModel.swift in Sources */ = {isa = PBXBuildFile; fileRef = DC6C0ED2289540F400255FC7 /* HomeViewModel.swift */; };
		DC6C0ED7289541C600255FC7 /* RegisterViewModel.swift in Sources */ = {isa = PBXBuildFile; fileRef = DC6C0ED6289541C600255FC7 /* RegisterViewModel.swift */; };
		DC6C0EDA289541EC00255FC7 /* RegisterViewController.swift in Sources */ = {isa = PBXBuildFile; fileRef = DC6C0ED8289541EC00255FC7 /* RegisterViewController.swift */; };
		DC6C0EDB289541EC00255FC7 /* RegisterViewController.xib in Resources */ = {isa = PBXBuildFile; fileRef = DC6C0ED9289541EC00255FC7 /* RegisterViewController.xib */; };
		DC6C0EDF2895421700255FC7 /* LoginViewModel.swift in Sources */ = {isa = PBXBuildFile; fileRef = DC6C0EDE2895421700255FC7 /* LoginViewModel.swift */; };
		DC6C0EE32895423F00255FC7 /* LoginViewController.swift in Sources */ = {isa = PBXBuildFile; fileRef = DC6C0EE12895423F00255FC7 /* LoginViewController.swift */; };
		DC6C0EE42895423F00255FC7 /* LoginViewController.xib in Resources */ = {isa = PBXBuildFile; fileRef = DC6C0EE22895423F00255FC7 /* LoginViewController.xib */; };
		DC6C0EEA2895458800255FC7 /* UIViewController+Extensions.swift in Sources */ = {isa = PBXBuildFile; fileRef = DC6C0EE92895458800255FC7 /* UIViewController+Extensions.swift */; };
		DC6C0EEC289545A300255FC7 /* UIView+Extensions.swift in Sources */ = {isa = PBXBuildFile; fileRef = DC6C0EEB289545A300255FC7 /* UIView+Extensions.swift */; };
		DC6C0EEE289545BA00255FC7 /* UIImageView+Extensions.swift in Sources */ = {isa = PBXBuildFile; fileRef = DC6C0EED289545BA00255FC7 /* UIImageView+Extensions.swift */; };
		DC6C0EF1289547B200255FC7 /* NVActivityIndicatorView in Frameworks */ = {isa = PBXBuildFile; productRef = DC6C0EF0289547B200255FC7 /* NVActivityIndicatorView */; };
		DC6C0EF3289547B200255FC7 /* NVActivityIndicatorViewExtended in Frameworks */ = {isa = PBXBuildFile; productRef = DC6C0EF2289547B200255FC7 /* NVActivityIndicatorViewExtended */; };
		DC6C0EF62895486D00255FC7 /* NibInstantiatable.swift in Sources */ = {isa = PBXBuildFile; fileRef = DC6C0EF52895486D00255FC7 /* NibInstantiatable.swift */; };
		DC6C0F08289548D900255FC7 /* Enums.swift in Sources */ = {isa = PBXBuildFile; fileRef = DC6C0EFE289548D900255FC7 /* Enums.swift */; };
		DC6C0F09289548D900255FC7 /* NetworkManager.swift in Sources */ = {isa = PBXBuildFile; fileRef = DC6C0EFF289548D900255FC7 /* NetworkManager.swift */; };
		DC6C0F0A289548D900255FC7 /* NetworkLogger.swift in Sources */ = {isa = PBXBuildFile; fileRef = DC6C0F00289548D900255FC7 /* NetworkLogger.swift */; };
		DC6C0F0B289548D900255FC7 /* NetworkReachability.swift in Sources */ = {isa = PBXBuildFile; fileRef = DC6C0F01289548D900255FC7 /* NetworkReachability.swift */; };
		DC6C0F0C289548D900255FC7 /* EndPoint.swift in Sources */ = {isa = PBXBuildFile; fileRef = DC6C0F02289548D900255FC7 /* EndPoint.swift */; };
		DC6C0F102895497A00255FC7 /* AppError.swift in Sources */ = {isa = PBXBuildFile; fileRef = DC6C0F0E2895497A00255FC7 /* AppError.swift */; };
		DC6C0F112895497A00255FC7 /* NetworkError.swift in Sources */ = {isa = PBXBuildFile; fileRef = DC6C0F0F2895497A00255FC7 /* NetworkError.swift */; };
		DC6C0F14289549B000255FC7 /* LLError.swift in Sources */ = {isa = PBXBuildFile; fileRef = DC6C0F12289549B000255FC7 /* LLError.swift */; };
		DC6C0F15289549B000255FC7 /* ErrorResponse.swift in Sources */ = {isa = PBXBuildFile; fileRef = DC6C0F13289549B000255FC7 /* ErrorResponse.swift */; };
		DC6C0F1728954ACB00255FC7 /* Parser.swift in Sources */ = {isa = PBXBuildFile; fileRef = DC6C0F1628954ACB00255FC7 /* Parser.swift */; };
		DC6C0F1D28956E0B00255FC7 /* ImageDetailsViewController.swift in Sources */ = {isa = PBXBuildFile; fileRef = DC6C0F1B28956E0B00255FC7 /* ImageDetailsViewController.swift */; };
		DC6C0F2028956E2200255FC7 /* ImageDetailsViewModel.swift in Sources */ = {isa = PBXBuildFile; fileRef = DC6C0F1F28956E2200255FC7 /* ImageDetailsViewModel.swift */; };
		DC6C0F2228956E4900255FC7 /* ImageService.swift in Sources */ = {isa = PBXBuildFile; fileRef = DC6C0F2128956E4900255FC7 /* ImageService.swift */; };
		DC6C0F2428956E5F00255FC7 /* ImageRepository.swift in Sources */ = {isa = PBXBuildFile; fileRef = DC6C0F2328956E5F00255FC7 /* ImageRepository.swift */; };
		DC6C0F262895753D00255FC7 /* DataState.swift in Sources */ = {isa = PBXBuildFile; fileRef = DC6C0F252895753D00255FC7 /* DataState.swift */; };
		DC6C0F282895763600255FC7 /* UIView+AutoLayout.swift in Sources */ = {isa = PBXBuildFile; fileRef = DC6C0F272895763600255FC7 /* UIView+AutoLayout.swift */; };
		DC6C0F2A28957A0D00255FC7 /* SearchResult.swift in Sources */ = {isa = PBXBuildFile; fileRef = DC6C0F2928957A0D00255FC7 /* SearchResult.swift */; };
		DC6C0F2C28957A7900255FC7 /* Image.swift in Sources */ = {isa = PBXBuildFile; fileRef = DC6C0F2B28957A7900255FC7 /* Image.swift */; };
		DC6C0F2F2895830700255FC7 /* ImageListCell.swift in Sources */ = {isa = PBXBuildFile; fileRef = DC6C0F2D2895830700255FC7 /* ImageListCell.swift */; };
		DC6C0F302895830700255FC7 /* ImageListCell.xib in Resources */ = {isa = PBXBuildFile; fileRef = DC6C0F2E2895830700255FC7 /* ImageListCell.xib */; };
		DC6C0F332895C35D00255FC7 /* ImageDetailsCell.swift in Sources */ = {isa = PBXBuildFile; fileRef = DC6C0F312895C35D00255FC7 /* ImageDetailsCell.swift */; };
		DC6C0F342895C35D00255FC7 /* ImageDetailsCell.xib in Resources */ = {isa = PBXBuildFile; fileRef = DC6C0F322895C35D00255FC7 /* ImageDetailsCell.xib */; };
		DC6C0F372895C36F00255FC7 /* UserDetailsCell.swift in Sources */ = {isa = PBXBuildFile; fileRef = DC6C0F352895C36F00255FC7 /* UserDetailsCell.swift */; };
		DC6C0F382895C36F00255FC7 /* UserDetailsCell.xib in Resources */ = {isa = PBXBuildFile; fileRef = DC6C0F362895C36F00255FC7 /* UserDetailsCell.xib */; };
		DCC6C1DB2897013500DC7276 /* Coordinator.swift in Sources */ = {isa = PBXBuildFile; fileRef = DCC6C1DA2897013500DC7276 /* Coordinator.swift */; };
		DCC6C1DD2897017A00DC7276 /* AppCoordinator.swift in Sources */ = {isa = PBXBuildFile; fileRef = DCC6C1DC2897017A00DC7276 /* AppCoordinator.swift */; };
		DCC6C1E0289703CB00DC7276 /* AuthenticationCoordinator.swift in Sources */ = {isa = PBXBuildFile; fileRef = DCC6C1DF289703CB00DC7276 /* AuthenticationCoordinator.swift */; };
		DCC6C1E3289703EA00DC7276 /* HomeCoordinator.swift in Sources */ = {isa = PBXBuildFile; fileRef = DCC6C1E2289703EA00DC7276 /* HomeCoordinator.swift */; };
		DCC6C1E628970E4800DC7276 /* Differentiator in Frameworks */ = {isa = PBXBuildFile; productRef = DCC6C1E528970E4800DC7276 /* Differentiator */; };
		DCC6C1E828970E4800DC7276 /* RxDataSources in Frameworks */ = {isa = PBXBuildFile; productRef = DCC6C1E728970E4800DC7276 /* RxDataSources */; };
		DCC6C1EA28970EA100DC7276 /* ImageDataSource.swift in Sources */ = {isa = PBXBuildFile; fileRef = DCC6C1E928970EA100DC7276 /* ImageDataSource.swift */; };
/* End PBXBuildFile section */

/* Begin PBXContainerItemProxy section */
		DC6C0E8328953BF200255FC7 /* PBXContainerItemProxy */ = {
			isa = PBXContainerItemProxy;
			containerPortal = DC6C0E6428953BF100255FC7 /* Project object */;
			proxyType = 1;
			remoteGlobalIDString = DC6C0E6B28953BF100255FC7;
			remoteInfo = ListLoader;
		};
		DC6C0E8D28953BF200255FC7 /* PBXContainerItemProxy */ = {
			isa = PBXContainerItemProxy;
			containerPortal = DC6C0E6428953BF100255FC7 /* Project object */;
			proxyType = 1;
			remoteGlobalIDString = DC6C0E6B28953BF100255FC7;
			remoteInfo = ListLoader;
		};
/* End PBXContainerItemProxy section */

/* Begin PBXFileReference section */
		DC6C0E6C28953BF100255FC7 /* ListLoader.app */ = {isa = PBXFileReference; explicitFileType = wrapper.application; includeInIndex = 0; path = ListLoader.app; sourceTree = BUILT_PRODUCTS_DIR; };
		DC6C0E6F28953BF100255FC7 /* AppDelegate.swift */ = {isa = PBXFileReference; lastKnownFileType = sourcecode.swift; path = AppDelegate.swift; sourceTree = "<group>"; };
		DC6C0E7128953BF100255FC7 /* SceneDelegate.swift */ = {isa = PBXFileReference; lastKnownFileType = sourcecode.swift; path = SceneDelegate.swift; sourceTree = "<group>"; };
		DC6C0E7828953BF100255FC7 /* Assets.xcassets */ = {isa = PBXFileReference; lastKnownFileType = folder.assetcatalog; path = Assets.xcassets; sourceTree = "<group>"; };
		DC6C0E7B28953BF100255FC7 /* Base */ = {isa = PBXFileReference; lastKnownFileType = file.storyboard; name = Base; path = Base.lproj/LaunchScreen.storyboard; sourceTree = "<group>"; };
		DC6C0E7D28953BF100255FC7 /* Info.plist */ = {isa = PBXFileReference; lastKnownFileType = text.plist.xml; path = Info.plist; sourceTree = "<group>"; };
		DC6C0E8228953BF200255FC7 /* ListLoaderTests.xctest */ = {isa = PBXFileReference; explicitFileType = wrapper.cfbundle; includeInIndex = 0; path = ListLoaderTests.xctest; sourceTree = BUILT_PRODUCTS_DIR; };
		DC6C0E8628953BF200255FC7 /* ListLoaderTests.swift */ = {isa = PBXFileReference; lastKnownFileType = sourcecode.swift; path = ListLoaderTests.swift; sourceTree = "<group>"; };
		DC6C0E8C28953BF200255FC7 /* ListLoaderUITests.xctest */ = {isa = PBXFileReference; explicitFileType = wrapper.cfbundle; includeInIndex = 0; path = ListLoaderUITests.xctest; sourceTree = BUILT_PRODUCTS_DIR; };
		DC6C0E9028953BF200255FC7 /* ListLoaderUITests.swift */ = {isa = PBXFileReference; lastKnownFileType = sourcecode.swift; path = ListLoaderUITests.swift; sourceTree = "<group>"; };
		DC6C0E9228953BF200255FC7 /* ListLoaderUITestsLaunchTests.swift */ = {isa = PBXFileReference; lastKnownFileType = sourcecode.swift; path = ListLoaderUITestsLaunchTests.swift; sourceTree = "<group>"; };
		DC6C0ECC289540C800255FC7 /* HomeViewController.swift */ = {isa = PBXFileReference; lastKnownFileType = sourcecode.swift; path = HomeViewController.swift; sourceTree = "<group>"; };
		DC6C0ED2289540F400255FC7 /* HomeViewModel.swift */ = {isa = PBXFileReference; lastKnownFileType = sourcecode.swift; path = HomeViewModel.swift; sourceTree = "<group>"; };
		DC6C0ED6289541C600255FC7 /* RegisterViewModel.swift */ = {isa = PBXFileReference; lastKnownFileType = sourcecode.swift; path = RegisterViewModel.swift; sourceTree = "<group>"; };
		DC6C0ED8289541EC00255FC7 /* RegisterViewController.swift */ = {isa = PBXFileReference; lastKnownFileType = sourcecode.swift; path = RegisterViewController.swift; sourceTree = "<group>"; };
		DC6C0ED9289541EC00255FC7 /* RegisterViewController.xib */ = {isa = PBXFileReference; lastKnownFileType = file.xib; path = RegisterViewController.xib; sourceTree = "<group>"; };
		DC6C0EDE2895421700255FC7 /* LoginViewModel.swift */ = {isa = PBXFileReference; lastKnownFileType = sourcecode.swift; path = LoginViewModel.swift; sourceTree = "<group>"; };
		DC6C0EE12895423F00255FC7 /* LoginViewController.swift */ = {isa = PBXFileReference; lastKnownFileType = sourcecode.swift; path = LoginViewController.swift; sourceTree = "<group>"; };
		DC6C0EE22895423F00255FC7 /* LoginViewController.xib */ = {isa = PBXFileReference; lastKnownFileType = file.xib; path = LoginViewController.xib; sourceTree = "<group>"; };
		DC6C0EE92895458800255FC7 /* UIViewController+Extensions.swift */ = {isa = PBXFileReference; lastKnownFileType = sourcecode.swift; path = "UIViewController+Extensions.swift"; sourceTree = "<group>"; };
		DC6C0EEB289545A300255FC7 /* UIView+Extensions.swift */ = {isa = PBXFileReference; lastKnownFileType = sourcecode.swift; path = "UIView+Extensions.swift"; sourceTree = "<group>"; };
		DC6C0EED289545BA00255FC7 /* UIImageView+Extensions.swift */ = {isa = PBXFileReference; lastKnownFileType = sourcecode.swift; path = "UIImageView+Extensions.swift"; sourceTree = "<group>"; };
		DC6C0EF52895486D00255FC7 /* NibInstantiatable.swift */ = {isa = PBXFileReference; fileEncoding = 4; lastKnownFileType = sourcecode.swift; path = NibInstantiatable.swift; sourceTree = "<group>"; };
		DC6C0EFE289548D900255FC7 /* Enums.swift */ = {isa = PBXFileReference; fileEncoding = 4; lastKnownFileType = sourcecode.swift; path = Enums.swift; sourceTree = "<group>"; };
		DC6C0EFF289548D900255FC7 /* NetworkManager.swift */ = {isa = PBXFileReference; fileEncoding = 4; lastKnownFileType = sourcecode.swift; path = NetworkManager.swift; sourceTree = "<group>"; };
		DC6C0F00289548D900255FC7 /* NetworkLogger.swift */ = {isa = PBXFileReference; fileEncoding = 4; lastKnownFileType = sourcecode.swift; path = NetworkLogger.swift; sourceTree = "<group>"; };
		DC6C0F01289548D900255FC7 /* NetworkReachability.swift */ = {isa = PBXFileReference; fileEncoding = 4; lastKnownFileType = sourcecode.swift; path = NetworkReachability.swift; sourceTree = "<group>"; };
		DC6C0F02289548D900255FC7 /* EndPoint.swift */ = {isa = PBXFileReference; fileEncoding = 4; lastKnownFileType = sourcecode.swift; path = EndPoint.swift; sourceTree = "<group>"; };
		DC6C0F0E2895497A00255FC7 /* AppError.swift */ = {isa = PBXFileReference; fileEncoding = 4; lastKnownFileType = sourcecode.swift; path = AppError.swift; sourceTree = "<group>"; };
		DC6C0F0F2895497A00255FC7 /* NetworkError.swift */ = {isa = PBXFileReference; fileEncoding = 4; lastKnownFileType = sourcecode.swift; path = NetworkError.swift; sourceTree = "<group>"; };
		DC6C0F12289549B000255FC7 /* LLError.swift */ = {isa = PBXFileReference; fileEncoding = 4; lastKnownFileType = sourcecode.swift; path = LLError.swift; sourceTree = "<group>"; };
		DC6C0F13289549B000255FC7 /* ErrorResponse.swift */ = {isa = PBXFileReference; fileEncoding = 4; lastKnownFileType = sourcecode.swift; path = ErrorResponse.swift; sourceTree = "<group>"; };
		DC6C0F1628954ACB00255FC7 /* Parser.swift */ = {isa = PBXFileReference; lastKnownFileType = sourcecode.swift; path = Parser.swift; sourceTree = "<group>"; };
		DC6C0F1B28956E0B00255FC7 /* ImageDetailsViewController.swift */ = {isa = PBXFileReference; lastKnownFileType = sourcecode.swift; path = ImageDetailsViewController.swift; sourceTree = "<group>"; };
		DC6C0F1F28956E2200255FC7 /* ImageDetailsViewModel.swift */ = {isa = PBXFileReference; lastKnownFileType = sourcecode.swift; path = ImageDetailsViewModel.swift; sourceTree = "<group>"; };
		DC6C0F2128956E4900255FC7 /* ImageService.swift */ = {isa = PBXFileReference; lastKnownFileType = sourcecode.swift; path = ImageService.swift; sourceTree = "<group>"; };
		DC6C0F2328956E5F00255FC7 /* ImageRepository.swift */ = {isa = PBXFileReference; lastKnownFileType = sourcecode.swift; path = ImageRepository.swift; sourceTree = "<group>"; };
		DC6C0F252895753D00255FC7 /* DataState.swift */ = {isa = PBXFileReference; lastKnownFileType = sourcecode.swift; path = DataState.swift; sourceTree = "<group>"; };
		DC6C0F272895763600255FC7 /* UIView+AutoLayout.swift */ = {isa = PBXFileReference; fileEncoding = 4; lastKnownFileType = sourcecode.swift; path = "UIView+AutoLayout.swift"; sourceTree = "<group>"; };
		DC6C0F2928957A0D00255FC7 /* SearchResult.swift */ = {isa = PBXFileReference; lastKnownFileType = sourcecode.swift; path = SearchResult.swift; sourceTree = "<group>"; };
		DC6C0F2B28957A7900255FC7 /* Image.swift */ = {isa = PBXFileReference; lastKnownFileType = sourcecode.swift; path = Image.swift; sourceTree = "<group>"; };
		DC6C0F2D2895830700255FC7 /* ImageListCell.swift */ = {isa = PBXFileReference; lastKnownFileType = sourcecode.swift; path = ImageListCell.swift; sourceTree = "<group>"; };
		DC6C0F2E2895830700255FC7 /* ImageListCell.xib */ = {isa = PBXFileReference; lastKnownFileType = file.xib; path = ImageListCell.xib; sourceTree = "<group>"; };
		DC6C0F312895C35D00255FC7 /* ImageDetailsCell.swift */ = {isa = PBXFileReference; lastKnownFileType = sourcecode.swift; path = ImageDetailsCell.swift; sourceTree = "<group>"; };
		DC6C0F322895C35D00255FC7 /* ImageDetailsCell.xib */ = {isa = PBXFileReference; lastKnownFileType = file.xib; path = ImageDetailsCell.xib; sourceTree = "<group>"; };
		DC6C0F352895C36F00255FC7 /* UserDetailsCell.swift */ = {isa = PBXFileReference; lastKnownFileType = sourcecode.swift; path = UserDetailsCell.swift; sourceTree = "<group>"; };
		DC6C0F362895C36F00255FC7 /* UserDetailsCell.xib */ = {isa = PBXFileReference; lastKnownFileType = file.xib; path = UserDetailsCell.xib; sourceTree = "<group>"; };
		DCC6C1DA2897013500DC7276 /* Coordinator.swift */ = {isa = PBXFileReference; lastKnownFileType = sourcecode.swift; path = Coordinator.swift; sourceTree = "<group>"; };
		DCC6C1DC2897017A00DC7276 /* AppCoordinator.swift */ = {isa = PBXFileReference; lastKnownFileType = sourcecode.swift; path = AppCoordinator.swift; sourceTree = "<group>"; };
		DCC6C1DF289703CB00DC7276 /* AuthenticationCoordinator.swift */ = {isa = PBXFileReference; lastKnownFileType = sourcecode.swift; path = AuthenticationCoordinator.swift; sourceTree = "<group>"; };
		DCC6C1E2289703EA00DC7276 /* HomeCoordinator.swift */ = {isa = PBXFileReference; lastKnownFileType = sourcecode.swift; path = HomeCoordinator.swift; sourceTree = "<group>"; };
		DCC6C1E928970EA100DC7276 /* ImageDataSource.swift */ = {isa = PBXFileReference; lastKnownFileType = sourcecode.swift; path = ImageDataSource.swift; sourceTree = "<group>"; };
/* End PBXFileReference section */

/* Begin PBXFrameworksBuildPhase section */
		DC6C0E6928953BF100255FC7 /* Frameworks */ = {
			isa = PBXFrameworksBuildPhase;
			buildActionMask = 2147483647;
			files = (
				DC6C0EBA28953EF900255FC7 /* RxCocoa in Frameworks */,
				DC6C0EA128953CAD00255FC7 /* Kingfisher in Frameworks */,
				DC6C0EF1289547B200255FC7 /* NVActivityIndicatorView in Frameworks */,
				DC6C0EBC28953EF900255FC7 /* RxRelay in Frameworks */,
				DC6C0EB528953E1C00255FC7 /* IQKeyboardManagerSwift in Frameworks */,
				DCC6C1E828970E4800DC7276 /* RxDataSources in Frameworks */,
				DC6C0EA428953CC500255FC7 /* Alamofire in Frameworks */,
				DCC6C1E628970E4800DC7276 /* Differentiator in Frameworks */,
				DC6C0EBE28953EF900255FC7 /* RxSwift in Frameworks */,
				DC6C0EB828953EF900255FC7 /* RxBlocking in Frameworks */,
				DC6C0EF3289547B200255FC7 /* NVActivityIndicatorViewExtended in Frameworks */,
			);
			runOnlyForDeploymentPostprocessing = 0;
		};
		DC6C0E7F28953BF200255FC7 /* Frameworks */ = {
			isa = PBXFrameworksBuildPhase;
			buildActionMask = 2147483647;
			files = (
				DC6C0EC028953EF900255FC7 /* RxTest in Frameworks */,
			);
			runOnlyForDeploymentPostprocessing = 0;
		};
		DC6C0E8928953BF200255FC7 /* Frameworks */ = {
			isa = PBXFrameworksBuildPhase;
			buildActionMask = 2147483647;
			files = (
			);
			runOnlyForDeploymentPostprocessing = 0;
		};
/* End PBXFrameworksBuildPhase section */

/* Begin PBXGroup section */
		DC6C0E6328953BF100255FC7 = {
			isa = PBXGroup;
			children = (
				DC6C0E6E28953BF100255FC7 /* ListLoader */,
				DC6C0E8528953BF200255FC7 /* ListLoaderTests */,
				DC6C0E8F28953BF200255FC7 /* ListLoaderUITests */,
				DC6C0E6D28953BF100255FC7 /* Products */,
			);
			sourceTree = "<group>";
		};
		DC6C0E6D28953BF100255FC7 /* Products */ = {
			isa = PBXGroup;
			children = (
				DC6C0E6C28953BF100255FC7 /* ListLoader.app */,
				DC6C0E8228953BF200255FC7 /* ListLoaderTests.xctest */,
				DC6C0E8C28953BF200255FC7 /* ListLoaderUITests.xctest */,
			);
			name = Products;
			sourceTree = "<group>";
		};
		DC6C0E6E28953BF100255FC7 /* ListLoader */ = {
			isa = PBXGroup;
			children = (
				DC6C0EC82895405E00255FC7 /* App */,
				DC6C0EC428953F8700255FC7 /* Configuration */,
				DC6C0EC628953FD400255FC7 /* Resources */,
				DC6C0EC528953F9400255FC7 /* Shared */,
			);
			path = ListLoader;
			sourceTree = "<group>";
		};
		DC6C0E8528953BF200255FC7 /* ListLoaderTests */ = {
			isa = PBXGroup;
			children = (
				DC6C0E8628953BF200255FC7 /* ListLoaderTests.swift */,
			);
			path = ListLoaderTests;
			sourceTree = "<group>";
		};
		DC6C0E8F28953BF200255FC7 /* ListLoaderUITests */ = {
			isa = PBXGroup;
			children = (
				DC6C0E9028953BF200255FC7 /* ListLoaderUITests.swift */,
				DC6C0E9228953BF200255FC7 /* ListLoaderUITestsLaunchTests.swift */,
			);
			path = ListLoaderUITests;
			sourceTree = "<group>";
		};
		DC6C0EC128953F6700255FC7 /* Domain */ = {
			isa = PBXGroup;
			children = (
				DC6C0EE8289542A800255FC7 /* Entities */,
			);
			path = Domain;
			sourceTree = "<group>";
		};
		DC6C0EC228953F7100255FC7 /* Business */ = {
			isa = PBXGroup;
			children = (
				DC6C0F0D2895497A00255FC7 /* Errors */,
				DC6C0EF7289548D900255FC7 /* Networking */,
				DC6C0EE62895427E00255FC7 /* Services */,
				DC6C0EE52895427000255FC7 /* Repository */,
			);
			path = Business;
			sourceTree = "<group>";
		};
		DC6C0EC328953F7D00255FC7 /* Presentation */ = {
			isa = PBXGroup;
			children = (
				DC6C0F1828956DE100255FC7 /* ImageDetails */,
				DC6C0ECB289540AC00255FC7 /* Home */,
				DC6C0ECA289540A500255FC7 /* Register */,
				DC6C0EC92895409E00255FC7 /* Login */,
			);
			path = Presentation;
			sourceTree = "<group>";
		};
		DC6C0EC428953F8700255FC7 /* Configuration */ = {
			isa = PBXGroup;
			children = (
				DC6C0E6F28953BF100255FC7 /* AppDelegate.swift */,
				DC6C0E7128953BF100255FC7 /* SceneDelegate.swift */,
				DCC6C1DC2897017A00DC7276 /* AppCoordinator.swift */,
				DC6C0E7D28953BF100255FC7 /* Info.plist */,
			);
			path = Configuration;
			sourceTree = "<group>";
		};
		DC6C0EC528953F9400255FC7 /* Shared */ = {
			isa = PBXGroup;
			children = (
				DC6C0EF42895485300255FC7 /* Helpers */,
				DC6C0EC728953FE400255FC7 /* Extensions */,
				DC6C0E7A28953BF100255FC7 /* LaunchScreen.storyboard */,
			);
			path = Shared;
			sourceTree = "<group>";
		};
		DC6C0EC628953FD400255FC7 /* Resources */ = {
			isa = PBXGroup;
			children = (
				DC6C0E7828953BF100255FC7 /* Assets.xcassets */,
			);
			path = Resources;
			sourceTree = "<group>";
		};
		DC6C0EC728953FE400255FC7 /* Extensions */ = {
			isa = PBXGroup;
			children = (
				DC6C0F272895763600255FC7 /* UIView+AutoLayout.swift */,
				DC6C0EE92895458800255FC7 /* UIViewController+Extensions.swift */,
				DC6C0EEB289545A300255FC7 /* UIView+Extensions.swift */,
				DC6C0EED289545BA00255FC7 /* UIImageView+Extensions.swift */,
			);
			path = Extensions;
			sourceTree = "<group>";
		};
		DC6C0EC82895405E00255FC7 /* App */ = {
			isa = PBXGroup;
			children = (
				DC6C0EC328953F7D00255FC7 /* Presentation */,
				DC6C0EC228953F7100255FC7 /* Business */,
				DC6C0EC128953F6700255FC7 /* Domain */,
			);
			path = App;
			sourceTree = "<group>";
		};
		DC6C0EC92895409E00255FC7 /* Login */ = {
			isa = PBXGroup;
			children = (
				DCC6C1DE289703B000DC7276 /* Coordinator */,
				DC6C0EDD2895420200255FC7 /* ViewModel */,
				DC6C0EDC289541FB00255FC7 /* View */,
			);
			path = Login;
			sourceTree = "<group>";
		};
		DC6C0ECA289540A500255FC7 /* Register */ = {
			isa = PBXGroup;
			children = (
				DC6C0ED5289541AC00255FC7 /* ViewModel */,
				DC6C0ED4289541A400255FC7 /* View */,
			);
			path = Register;
			sourceTree = "<group>";
		};
		DC6C0ECB289540AC00255FC7 /* Home */ = {
			isa = PBXGroup;
			children = (
				DCC6C1E1289703D700DC7276 /* Coordinator */,
				DC6C0ED1289540DD00255FC7 /* View */,
				DC6C0ED0289540D500255FC7 /* ViewModel */,
			);
			path = Home;
			sourceTree = "<group>";
		};
		DC6C0ED0289540D500255FC7 /* ViewModel */ = {
			isa = PBXGroup;
			children = (
				DC6C0ED2289540F400255FC7 /* HomeViewModel.swift */,
			);
			path = ViewModel;
			sourceTree = "<group>";
		};
		DC6C0ED1289540DD00255FC7 /* View */ = {
			isa = PBXGroup;
			children = (
				DC6C0ECC289540C800255FC7 /* HomeViewController.swift */,
				DC6C0F2D2895830700255FC7 /* ImageListCell.swift */,
				DC6C0F2E2895830700255FC7 /* ImageListCell.xib */,
			);
			path = View;
			sourceTree = "<group>";
		};
		DC6C0ED4289541A400255FC7 /* View */ = {
			isa = PBXGroup;
			children = (
				DC6C0ED8289541EC00255FC7 /* RegisterViewController.swift */,
				DC6C0ED9289541EC00255FC7 /* RegisterViewController.xib */,
			);
			path = View;
			sourceTree = "<group>";
		};
		DC6C0ED5289541AC00255FC7 /* ViewModel */ = {
			isa = PBXGroup;
			children = (
				DC6C0ED6289541C600255FC7 /* RegisterViewModel.swift */,
			);
			path = ViewModel;
			sourceTree = "<group>";
		};
		DC6C0EDC289541FB00255FC7 /* View */ = {
			isa = PBXGroup;
			children = (
				DC6C0EE12895423F00255FC7 /* LoginViewController.swift */,
				DC6C0EE22895423F00255FC7 /* LoginViewController.xib */,
			);
			path = View;
			sourceTree = "<group>";
		};
		DC6C0EDD2895420200255FC7 /* ViewModel */ = {
			isa = PBXGroup;
			children = (
				DC6C0EDE2895421700255FC7 /* LoginViewModel.swift */,
			);
			path = ViewModel;
			sourceTree = "<group>";
		};
		DC6C0EE52895427000255FC7 /* Repository */ = {
			isa = PBXGroup;
			children = (
				DC6C0F2328956E5F00255FC7 /* ImageRepository.swift */,
			);
			path = Repository;
			sourceTree = "<group>";
		};
		DC6C0EE62895427E00255FC7 /* Services */ = {
			isa = PBXGroup;
			children = (
				DC6C0F2128956E4900255FC7 /* ImageService.swift */,
			);
			path = Services;
			sourceTree = "<group>";
		};
		DC6C0EE8289542A800255FC7 /* Entities */ = {
			isa = PBXGroup;
			children = (
				DC6C0F12289549B000255FC7 /* LLError.swift */,
				DC6C0F13289549B000255FC7 /* ErrorResponse.swift */,
				DC6C0F2928957A0D00255FC7 /* SearchResult.swift */,
				DC6C0F2B28957A7900255FC7 /* Image.swift */,
			);
			path = Entities;
			sourceTree = "<group>";
		};
		DC6C0EF42895485300255FC7 /* Helpers */ = {
			isa = PBXGroup;
			children = (
				DC6C0EF52895486D00255FC7 /* NibInstantiatable.swift */,
				DC6C0F252895753D00255FC7 /* DataState.swift */,
				DCC6C1DA2897013500DC7276 /* Coordinator.swift */,
			);
			path = Helpers;
			sourceTree = "<group>";
		};
		DC6C0EF7289548D900255FC7 /* Networking */ = {
			isa = PBXGroup;
			children = (
				DC6C0F02289548D900255FC7 /* EndPoint.swift */,
				DC6C0EFE289548D900255FC7 /* Enums.swift */,
				DC6C0F00289548D900255FC7 /* NetworkLogger.swift */,
				DC6C0EFF289548D900255FC7 /* NetworkManager.swift */,
				DC6C0F01289548D900255FC7 /* NetworkReachability.swift */,
				DC6C0F1628954ACB00255FC7 /* Parser.swift */,
			);
			path = Networking;
			sourceTree = "<group>";
		};
		DC6C0F0D2895497A00255FC7 /* Errors */ = {
			isa = PBXGroup;
			children = (
				DC6C0F0E2895497A00255FC7 /* AppError.swift */,
				DC6C0F0F2895497A00255FC7 /* NetworkError.swift */,
			);
			path = Errors;
			sourceTree = "<group>";
		};
		DC6C0F1828956DE100255FC7 /* ImageDetails */ = {
			isa = PBXGroup;
			children = (
				DC6C0F1A28956DF300255FC7 /* ViewModel */,
				DC6C0F1928956DED00255FC7 /* View */,
			);
			path = ImageDetails;
			sourceTree = "<group>";
		};
		DC6C0F1928956DED00255FC7 /* View */ = {
			isa = PBXGroup;
			children = (
				DC6C0F1B28956E0B00255FC7 /* ImageDetailsViewController.swift */,
				DC6C0F312895C35D00255FC7 /* ImageDetailsCell.swift */,
				DC6C0F322895C35D00255FC7 /* ImageDetailsCell.xib */,
				DC6C0F352895C36F00255FC7 /* UserDetailsCell.swift */,
				DC6C0F362895C36F00255FC7 /* UserDetailsCell.xib */,
			);
			path = View;
			sourceTree = "<group>";
		};
		DC6C0F1A28956DF300255FC7 /* ViewModel */ = {
			isa = PBXGroup;
			children = (
				DC6C0F1F28956E2200255FC7 /* ImageDetailsViewModel.swift */,
				DCC6C1E928970EA100DC7276 /* ImageDataSource.swift */,
			);
			path = ViewModel;
			sourceTree = "<group>";
		};
		DCC6C1DE289703B000DC7276 /* Coordinator */ = {
			isa = PBXGroup;
			children = (
				DCC6C1DF289703CB00DC7276 /* AuthenticationCoordinator.swift */,
			);
			path = Coordinator;
			sourceTree = "<group>";
		};
		DCC6C1E1289703D700DC7276 /* Coordinator */ = {
			isa = PBXGroup;
			children = (
				DCC6C1E2289703EA00DC7276 /* HomeCoordinator.swift */,
			);
			path = Coordinator;
			sourceTree = "<group>";
		};
/* End PBXGroup section */

/* Begin PBXNativeTarget section */
		DC6C0E6B28953BF100255FC7 /* ListLoader */ = {
			isa = PBXNativeTarget;
			buildConfigurationList = DC6C0E9628953BF200255FC7 /* Build configuration list for PBXNativeTarget "ListLoader" */;
			buildPhases = (
				DC6C0E6828953BF100255FC7 /* Sources */,
				DC6C0E6928953BF100255FC7 /* Frameworks */,
				DC6C0E6A28953BF100255FC7 /* Resources */,
			);
			buildRules = (
			);
			dependencies = (
			);
			name = ListLoader;
			packageProductDependencies = (
				DC6C0EA028953CAD00255FC7 /* Kingfisher */,
				DC6C0EA328953CC500255FC7 /* Alamofire */,
				DC6C0EB428953E1C00255FC7 /* IQKeyboardManagerSwift */,
				DC6C0EB728953EF900255FC7 /* RxBlocking */,
				DC6C0EB928953EF900255FC7 /* RxCocoa */,
				DC6C0EBB28953EF900255FC7 /* RxRelay */,
				DC6C0EBD28953EF900255FC7 /* RxSwift */,
				DC6C0EF0289547B200255FC7 /* NVActivityIndicatorView */,
				DC6C0EF2289547B200255FC7 /* NVActivityIndicatorViewExtended */,
				DCC6C1E528970E4800DC7276 /* Differentiator */,
				DCC6C1E728970E4800DC7276 /* RxDataSources */,
			);
			productName = ListLoader;
			productReference = DC6C0E6C28953BF100255FC7 /* ListLoader.app */;
			productType = "com.apple.product-type.application";
		};
		DC6C0E8128953BF200255FC7 /* ListLoaderTests */ = {
			isa = PBXNativeTarget;
			buildConfigurationList = DC6C0E9928953BF200255FC7 /* Build configuration list for PBXNativeTarget "ListLoaderTests" */;
			buildPhases = (
				DC6C0E7E28953BF200255FC7 /* Sources */,
				DC6C0E7F28953BF200255FC7 /* Frameworks */,
				DC6C0E8028953BF200255FC7 /* Resources */,
			);
			buildRules = (
			);
			dependencies = (
				DC6C0E8428953BF200255FC7 /* PBXTargetDependency */,
			);
			name = ListLoaderTests;
			packageProductDependencies = (
				DC6C0EBF28953EF900255FC7 /* RxTest */,
			);
			productName = ListLoaderTests;
			productReference = DC6C0E8228953BF200255FC7 /* ListLoaderTests.xctest */;
			productType = "com.apple.product-type.bundle.unit-test";
		};
		DC6C0E8B28953BF200255FC7 /* ListLoaderUITests */ = {
			isa = PBXNativeTarget;
			buildConfigurationList = DC6C0E9C28953BF200255FC7 /* Build configuration list for PBXNativeTarget "ListLoaderUITests" */;
			buildPhases = (
				DC6C0E8828953BF200255FC7 /* Sources */,
				DC6C0E8928953BF200255FC7 /* Frameworks */,
				DC6C0E8A28953BF200255FC7 /* Resources */,
			);
			buildRules = (
			);
			dependencies = (
				DC6C0E8E28953BF200255FC7 /* PBXTargetDependency */,
			);
			name = ListLoaderUITests;
			productName = ListLoaderUITests;
			productReference = DC6C0E8C28953BF200255FC7 /* ListLoaderUITests.xctest */;
			productType = "com.apple.product-type.bundle.ui-testing";
		};
/* End PBXNativeTarget section */

/* Begin PBXProject section */
		DC6C0E6428953BF100255FC7 /* Project object */ = {
			isa = PBXProject;
			attributes = {
				BuildIndependentTargetsInParallel = 1;
				LastSwiftUpdateCheck = 1340;
				LastUpgradeCheck = 1340;
				TargetAttributes = {
					DC6C0E6B28953BF100255FC7 = {
						CreatedOnToolsVersion = 13.4.1;
					};
					DC6C0E8128953BF200255FC7 = {
						CreatedOnToolsVersion = 13.4.1;
						TestTargetID = DC6C0E6B28953BF100255FC7;
					};
					DC6C0E8B28953BF200255FC7 = {
						CreatedOnToolsVersion = 13.4.1;
						TestTargetID = DC6C0E6B28953BF100255FC7;
					};
				};
			};
			buildConfigurationList = DC6C0E6728953BF100255FC7 /* Build configuration list for PBXProject "ListLoader" */;
			compatibilityVersion = "Xcode 13.0";
			developmentRegion = en;
			hasScannedForEncodings = 0;
			knownRegions = (
				en,
				Base,
			);
			mainGroup = DC6C0E6328953BF100255FC7;
			packageReferences = (
				DC6C0E9F28953CAD00255FC7 /* XCRemoteSwiftPackageReference "Kingfisher" */,
				DC6C0EA228953CC500255FC7 /* XCRemoteSwiftPackageReference "Alamofire" */,
				DC6C0EB328953E1C00255FC7 /* XCRemoteSwiftPackageReference "IQKeyboardManager" */,
				DC6C0EB628953EF900255FC7 /* XCRemoteSwiftPackageReference "RxSwift" */,
				DC6C0EEF289547B200255FC7 /* XCRemoteSwiftPackageReference "NVActivityIndicatorView" */,
				DCC6C1E428970E4800DC7276 /* XCRemoteSwiftPackageReference "RxDataSources" */,
			);
			productRefGroup = DC6C0E6D28953BF100255FC7 /* Products */;
			projectDirPath = "";
			projectRoot = "";
			targets = (
				DC6C0E6B28953BF100255FC7 /* ListLoader */,
				DC6C0E8128953BF200255FC7 /* ListLoaderTests */,
				DC6C0E8B28953BF200255FC7 /* ListLoaderUITests */,
			);
		};
/* End PBXProject section */

/* Begin PBXResourcesBuildPhase section */
		DC6C0E6A28953BF100255FC7 /* Resources */ = {
			isa = PBXResourcesBuildPhase;
			buildActionMask = 2147483647;
			files = (
				DC6C0F382895C36F00255FC7 /* UserDetailsCell.xib in Resources */,
				DC6C0EE42895423F00255FC7 /* LoginViewController.xib in Resources */,
				DC6C0E7C28953BF100255FC7 /* LaunchScreen.storyboard in Resources */,
				DC6C0E7928953BF100255FC7 /* Assets.xcassets in Resources */,
				DC6C0F302895830700255FC7 /* ImageListCell.xib in Resources */,
				DC6C0F342895C35D00255FC7 /* ImageDetailsCell.xib in Resources */,
				DC6C0EDB289541EC00255FC7 /* RegisterViewController.xib in Resources */,
			);
			runOnlyForDeploymentPostprocessing = 0;
		};
		DC6C0E8028953BF200255FC7 /* Resources */ = {
			isa = PBXResourcesBuildPhase;
			buildActionMask = 2147483647;
			files = (
			);
			runOnlyForDeploymentPostprocessing = 0;
		};
		DC6C0E8A28953BF200255FC7 /* Resources */ = {
			isa = PBXResourcesBuildPhase;
			buildActionMask = 2147483647;
			files = (
			);
			runOnlyForDeploymentPostprocessing = 0;
		};
/* End PBXResourcesBuildPhase section */

/* Begin PBXSourcesBuildPhase section */
		DC6C0E6828953BF100255FC7 /* Sources */ = {
			isa = PBXSourcesBuildPhase;
			buildActionMask = 2147483647;
			files = (
				DC6C0F0A289548D900255FC7 /* NetworkLogger.swift in Sources */,
				DC6C0F09289548D900255FC7 /* NetworkManager.swift in Sources */,
				DC6C0F102895497A00255FC7 /* AppError.swift in Sources */,
				DC6C0F372895C36F00255FC7 /* UserDetailsCell.swift in Sources */,
				DC6C0F262895753D00255FC7 /* DataState.swift in Sources */,
				DC6C0F0B289548D900255FC7 /* NetworkReachability.swift in Sources */,
				DCC6C1E0289703CB00DC7276 /* AuthenticationCoordinator.swift in Sources */,
				DC6C0E7028953BF100255FC7 /* AppDelegate.swift in Sources */,
				DC6C0F0C289548D900255FC7 /* EndPoint.swift in Sources */,
				DC6C0F15289549B000255FC7 /* ErrorResponse.swift in Sources */,
				DC6C0F2F2895830700255FC7 /* ImageListCell.swift in Sources */,
				DCC6C1DB2897013500DC7276 /* Coordinator.swift in Sources */,
				DC6C0F2428956E5F00255FC7 /* ImageRepository.swift in Sources */,
				DC6C0ED7289541C600255FC7 /* RegisterViewModel.swift in Sources */,
				DC6C0EEE289545BA00255FC7 /* UIImageView+Extensions.swift in Sources */,
				DC6C0EEC289545A300255FC7 /* UIView+Extensions.swift in Sources */,
				DC6C0E7228953BF100255FC7 /* SceneDelegate.swift in Sources */,
				DC6C0EDA289541EC00255FC7 /* RegisterViewController.swift in Sources */,
				DC6C0F1728954ACB00255FC7 /* Parser.swift in Sources */,
				DCC6C1E3289703EA00DC7276 /* HomeCoordinator.swift in Sources */,
				DC6C0EF62895486D00255FC7 /* NibInstantiatable.swift in Sources */,
				DC6C0EEA2895458800255FC7 /* UIViewController+Extensions.swift in Sources */,
				DC6C0F282895763600255FC7 /* UIView+AutoLayout.swift in Sources */,
				DC6C0EE32895423F00255FC7 /* LoginViewController.swift in Sources */,
				DC6C0F2C28957A7900255FC7 /* Image.swift in Sources */,
				DC6C0F14289549B000255FC7 /* LLError.swift in Sources */,
				DC6C0F2A28957A0D00255FC7 /* SearchResult.swift in Sources */,
				DC6C0F1D28956E0B00255FC7 /* ImageDetailsViewController.swift in Sources */,
				DC6C0ECE289540C800255FC7 /* HomeViewController.swift in Sources */,
				DCC6C1DD2897017A00DC7276 /* AppCoordinator.swift in Sources */,
				DC6C0F2028956E2200255FC7 /* ImageDetailsViewModel.swift in Sources */,
				DC6C0F332895C35D00255FC7 /* ImageDetailsCell.swift in Sources */,
				DC6C0ED3289540F400255FC7 /* HomeViewModel.swift in Sources */,
				DC6C0F08289548D900255FC7 /* Enums.swift in Sources */,
				DC6C0EDF2895421700255FC7 /* LoginViewModel.swift in Sources */,
				DC6C0F2228956E4900255FC7 /* ImageService.swift in Sources */,
				DCC6C1EA28970EA100DC7276 /* ImageDataSource.swift in Sources */,
				DC6C0F112895497A00255FC7 /* NetworkError.swift in Sources */,
			);
			runOnlyForDeploymentPostprocessing = 0;
		};
		DC6C0E7E28953BF200255FC7 /* Sources */ = {
			isa = PBXSourcesBuildPhase;
			buildActionMask = 2147483647;
			files = (
				DC6C0E8728953BF200255FC7 /* ListLoaderTests.swift in Sources */,
			);
			runOnlyForDeploymentPostprocessing = 0;
		};
		DC6C0E8828953BF200255FC7 /* Sources */ = {
			isa = PBXSourcesBuildPhase;
			buildActionMask = 2147483647;
			files = (
				DC6C0E9128953BF200255FC7 /* ListLoaderUITests.swift in Sources */,
				DC6C0E9328953BF200255FC7 /* ListLoaderUITestsLaunchTests.swift in Sources */,
			);
			runOnlyForDeploymentPostprocessing = 0;
		};
/* End PBXSourcesBuildPhase section */

/* Begin PBXTargetDependency section */
		DC6C0E8428953BF200255FC7 /* PBXTargetDependency */ = {
			isa = PBXTargetDependency;
			target = DC6C0E6B28953BF100255FC7 /* ListLoader */;
			targetProxy = DC6C0E8328953BF200255FC7 /* PBXContainerItemProxy */;
		};
		DC6C0E8E28953BF200255FC7 /* PBXTargetDependency */ = {
			isa = PBXTargetDependency;
			target = DC6C0E6B28953BF100255FC7 /* ListLoader */;
			targetProxy = DC6C0E8D28953BF200255FC7 /* PBXContainerItemProxy */;
		};
/* End PBXTargetDependency section */

/* Begin PBXVariantGroup section */
		DC6C0E7A28953BF100255FC7 /* LaunchScreen.storyboard */ = {
			isa = PBXVariantGroup;
			children = (
				DC6C0E7B28953BF100255FC7 /* Base */,
			);
			name = LaunchScreen.storyboard;
			sourceTree = "<group>";
		};
/* End PBXVariantGroup section */

/* Begin XCBuildConfiguration section */
		DC6C0E9428953BF200255FC7 /* Debug */ = {
			isa = XCBuildConfiguration;
			buildSettings = {
				ALWAYS_SEARCH_USER_PATHS = NO;
				CLANG_ANALYZER_NONNULL = YES;
				CLANG_ANALYZER_NUMBER_OBJECT_CONVERSION = YES_AGGRESSIVE;
				CLANG_CXX_LANGUAGE_STANDARD = "gnu++17";
				CLANG_ENABLE_MODULES = YES;
				CLANG_ENABLE_OBJC_ARC = YES;
				CLANG_ENABLE_OBJC_WEAK = YES;
				CLANG_WARN_BLOCK_CAPTURE_AUTORELEASING = YES;
				CLANG_WARN_BOOL_CONVERSION = YES;
				CLANG_WARN_COMMA = YES;
				CLANG_WARN_CONSTANT_CONVERSION = YES;
				CLANG_WARN_DEPRECATED_OBJC_IMPLEMENTATIONS = YES;
				CLANG_WARN_DIRECT_OBJC_ISA_USAGE = YES_ERROR;
				CLANG_WARN_DOCUMENTATION_COMMENTS = YES;
				CLANG_WARN_EMPTY_BODY = YES;
				CLANG_WARN_ENUM_CONVERSION = YES;
				CLANG_WARN_INFINITE_RECURSION = YES;
				CLANG_WARN_INT_CONVERSION = YES;
				CLANG_WARN_NON_LITERAL_NULL_CONVERSION = YES;
				CLANG_WARN_OBJC_IMPLICIT_RETAIN_SELF = YES;
				CLANG_WARN_OBJC_LITERAL_CONVERSION = YES;
				CLANG_WARN_OBJC_ROOT_CLASS = YES_ERROR;
				CLANG_WARN_QUOTED_INCLUDE_IN_FRAMEWORK_HEADER = YES;
				CLANG_WARN_RANGE_LOOP_ANALYSIS = YES;
				CLANG_WARN_STRICT_PROTOTYPES = YES;
				CLANG_WARN_SUSPICIOUS_MOVE = YES;
				CLANG_WARN_UNGUARDED_AVAILABILITY = YES_AGGRESSIVE;
				CLANG_WARN_UNREACHABLE_CODE = YES;
				CLANG_WARN__DUPLICATE_METHOD_MATCH = YES;
				COPY_PHASE_STRIP = NO;
				DEBUG_INFORMATION_FORMAT = dwarf;
				ENABLE_STRICT_OBJC_MSGSEND = YES;
				ENABLE_TESTABILITY = YES;
				GCC_C_LANGUAGE_STANDARD = gnu11;
				GCC_DYNAMIC_NO_PIC = NO;
				GCC_NO_COMMON_BLOCKS = YES;
				GCC_OPTIMIZATION_LEVEL = 0;
				GCC_PREPROCESSOR_DEFINITIONS = (
					"DEBUG=1",
					"$(inherited)",
				);
				GCC_WARN_64_TO_32_BIT_CONVERSION = YES;
				GCC_WARN_ABOUT_RETURN_TYPE = YES_ERROR;
				GCC_WARN_UNDECLARED_SELECTOR = YES;
				GCC_WARN_UNINITIALIZED_AUTOS = YES_AGGRESSIVE;
				GCC_WARN_UNUSED_FUNCTION = YES;
				GCC_WARN_UNUSED_VARIABLE = YES;
				IPHONEOS_DEPLOYMENT_TARGET = 13.0;
				MTL_ENABLE_DEBUG_INFO = INCLUDE_SOURCE;
				MTL_FAST_MATH = YES;
				ONLY_ACTIVE_ARCH = YES;
				SDKROOT = iphoneos;
				SWIFT_ACTIVE_COMPILATION_CONDITIONS = DEBUG;
				SWIFT_OPTIMIZATION_LEVEL = "-Onone";
			};
			name = Debug;
		};
		DC6C0E9528953BF200255FC7 /* Release */ = {
			isa = XCBuildConfiguration;
			buildSettings = {
				ALWAYS_SEARCH_USER_PATHS = NO;
				CLANG_ANALYZER_NONNULL = YES;
				CLANG_ANALYZER_NUMBER_OBJECT_CONVERSION = YES_AGGRESSIVE;
				CLANG_CXX_LANGUAGE_STANDARD = "gnu++17";
				CLANG_ENABLE_MODULES = YES;
				CLANG_ENABLE_OBJC_ARC = YES;
				CLANG_ENABLE_OBJC_WEAK = YES;
				CLANG_WARN_BLOCK_CAPTURE_AUTORELEASING = YES;
				CLANG_WARN_BOOL_CONVERSION = YES;
				CLANG_WARN_COMMA = YES;
				CLANG_WARN_CONSTANT_CONVERSION = YES;
				CLANG_WARN_DEPRECATED_OBJC_IMPLEMENTATIONS = YES;
				CLANG_WARN_DIRECT_OBJC_ISA_USAGE = YES_ERROR;
				CLANG_WARN_DOCUMENTATION_COMMENTS = YES;
				CLANG_WARN_EMPTY_BODY = YES;
				CLANG_WARN_ENUM_CONVERSION = YES;
				CLANG_WARN_INFINITE_RECURSION = YES;
				CLANG_WARN_INT_CONVERSION = YES;
				CLANG_WARN_NON_LITERAL_NULL_CONVERSION = YES;
				CLANG_WARN_OBJC_IMPLICIT_RETAIN_SELF = YES;
				CLANG_WARN_OBJC_LITERAL_CONVERSION = YES;
				CLANG_WARN_OBJC_ROOT_CLASS = YES_ERROR;
				CLANG_WARN_QUOTED_INCLUDE_IN_FRAMEWORK_HEADER = YES;
				CLANG_WARN_RANGE_LOOP_ANALYSIS = YES;
				CLANG_WARN_STRICT_PROTOTYPES = YES;
				CLANG_WARN_SUSPICIOUS_MOVE = YES;
				CLANG_WARN_UNGUARDED_AVAILABILITY = YES_AGGRESSIVE;
				CLANG_WARN_UNREACHABLE_CODE = YES;
				CLANG_WARN__DUPLICATE_METHOD_MATCH = YES;
				COPY_PHASE_STRIP = NO;
				DEBUG_INFORMATION_FORMAT = "dwarf-with-dsym";
				ENABLE_NS_ASSERTIONS = NO;
				ENABLE_STRICT_OBJC_MSGSEND = YES;
				GCC_C_LANGUAGE_STANDARD = gnu11;
				GCC_NO_COMMON_BLOCKS = YES;
				GCC_WARN_64_TO_32_BIT_CONVERSION = YES;
				GCC_WARN_ABOUT_RETURN_TYPE = YES_ERROR;
				GCC_WARN_UNDECLARED_SELECTOR = YES;
				GCC_WARN_UNINITIALIZED_AUTOS = YES_AGGRESSIVE;
				GCC_WARN_UNUSED_FUNCTION = YES;
				GCC_WARN_UNUSED_VARIABLE = YES;
				IPHONEOS_DEPLOYMENT_TARGET = 13.0;
				MTL_ENABLE_DEBUG_INFO = NO;
				MTL_FAST_MATH = YES;
				SDKROOT = iphoneos;
				SWIFT_COMPILATION_MODE = wholemodule;
				SWIFT_OPTIMIZATION_LEVEL = "-O";
				VALIDATE_PRODUCT = YES;
			};
			name = Release;
		};
		DC6C0E9728953BF200255FC7 /* Debug */ = {
			isa = XCBuildConfiguration;
			buildSettings = {
				ASSETCATALOG_COMPILER_APPICON_NAME = AppIcon;
				ASSETCATALOG_COMPILER_GLOBAL_ACCENT_COLOR_NAME = AccentColor;
				CODE_SIGN_STYLE = Automatic;
				CURRENT_PROJECT_VERSION = 1;
				DEVELOPMENT_TEAM = N455B9353D;
				GENERATE_INFOPLIST_FILE = YES;
				INFOPLIST_FILE = ListLoader/Configuration/Info.plist;
				INFOPLIST_KEY_UIApplicationSupportsIndirectInputEvents = YES;
				INFOPLIST_KEY_UILaunchStoryboardName = LaunchScreen;
				INFOPLIST_KEY_UISupportedInterfaceOrientations = UIInterfaceOrientationPortrait;
				INFOPLIST_KEY_UISupportedInterfaceOrientations_iPad = "UIInterfaceOrientationPortrait UIInterfaceOrientationPortraitUpsideDown UIInterfaceOrientationLandscapeLeft UIInterfaceOrientationLandscapeRight";
				INFOPLIST_KEY_UISupportedInterfaceOrientations_iPhone = "UIInterfaceOrientationPortrait UIInterfaceOrientationLandscapeLeft UIInterfaceOrientationLandscapeRight";
				IPHONEOS_DEPLOYMENT_TARGET = 13.0;
				LD_RUNPATH_SEARCH_PATHS = (
					"$(inherited)",
					"@executable_path/Frameworks",
				);
				MARKETING_VERSION = 1.0;
				PRODUCT_BUNDLE_IDENTIFIER = com.binshakerr.ListLoader;
				PRODUCT_NAME = "$(TARGET_NAME)";
				SWIFT_EMIT_LOC_STRINGS = YES;
				SWIFT_VERSION = 5.0;
				TARGETED_DEVICE_FAMILY = 1;
			};
			name = Debug;
		};
		DC6C0E9828953BF200255FC7 /* Release */ = {
			isa = XCBuildConfiguration;
			buildSettings = {
				ASSETCATALOG_COMPILER_APPICON_NAME = AppIcon;
				ASSETCATALOG_COMPILER_GLOBAL_ACCENT_COLOR_NAME = AccentColor;
				CODE_SIGN_STYLE = Automatic;
				CURRENT_PROJECT_VERSION = 1;
				DEVELOPMENT_TEAM = N455B9353D;
				GENERATE_INFOPLIST_FILE = YES;
				INFOPLIST_FILE = ListLoader/Configuration/Info.plist;
				INFOPLIST_KEY_UIApplicationSupportsIndirectInputEvents = YES;
				INFOPLIST_KEY_UILaunchStoryboardName = LaunchScreen;
				INFOPLIST_KEY_UISupportedInterfaceOrientations = UIInterfaceOrientationPortrait;
				INFOPLIST_KEY_UISupportedInterfaceOrientations_iPad = "UIInterfaceOrientationPortrait UIInterfaceOrientationPortraitUpsideDown UIInterfaceOrientationLandscapeLeft UIInterfaceOrientationLandscapeRight";
				INFOPLIST_KEY_UISupportedInterfaceOrientations_iPhone = "UIInterfaceOrientationPortrait UIInterfaceOrientationLandscapeLeft UIInterfaceOrientationLandscapeRight";
				IPHONEOS_DEPLOYMENT_TARGET = 13.0;
				LD_RUNPATH_SEARCH_PATHS = (
					"$(inherited)",
					"@executable_path/Frameworks",
				);
				MARKETING_VERSION = 1.0;
				PRODUCT_BUNDLE_IDENTIFIER = com.binshakerr.ListLoader;
				PRODUCT_NAME = "$(TARGET_NAME)";
				SWIFT_EMIT_LOC_STRINGS = YES;
				SWIFT_VERSION = 5.0;
				TARGETED_DEVICE_FAMILY = 1;
			};
			name = Release;
		};
		DC6C0E9A28953BF200255FC7 /* Debug */ = {
			isa = XCBuildConfiguration;
			buildSettings = {
				ALWAYS_EMBED_SWIFT_STANDARD_LIBRARIES = YES;
				BUNDLE_LOADER = "$(TEST_HOST)";
				CODE_SIGN_STYLE = Automatic;
				CURRENT_PROJECT_VERSION = 1;
				DEVELOPMENT_TEAM = N455B9353D;
				GENERATE_INFOPLIST_FILE = YES;
				IPHONEOS_DEPLOYMENT_TARGET = 15.5;
				MARKETING_VERSION = 1.0;
				PRODUCT_BUNDLE_IDENTIFIER = com.binshakerr.ListLoaderTests;
				PRODUCT_NAME = "$(TARGET_NAME)";
				SWIFT_EMIT_LOC_STRINGS = NO;
				SWIFT_VERSION = 5.0;
				TARGETED_DEVICE_FAMILY = "1,2";
				TEST_HOST = "$(BUILT_PRODUCTS_DIR)/ListLoader.app/ListLoader";
			};
			name = Debug;
		};
		DC6C0E9B28953BF200255FC7 /* Release */ = {
			isa = XCBuildConfiguration;
			buildSettings = {
				ALWAYS_EMBED_SWIFT_STANDARD_LIBRARIES = YES;
				BUNDLE_LOADER = "$(TEST_HOST)";
				CODE_SIGN_STYLE = Automatic;
				CURRENT_PROJECT_VERSION = 1;
				DEVELOPMENT_TEAM = N455B9353D;
				GENERATE_INFOPLIST_FILE = YES;
				IPHONEOS_DEPLOYMENT_TARGET = 15.5;
				MARKETING_VERSION = 1.0;
				PRODUCT_BUNDLE_IDENTIFIER = com.binshakerr.ListLoaderTests;
				PRODUCT_NAME = "$(TARGET_NAME)";
				SWIFT_EMIT_LOC_STRINGS = NO;
				SWIFT_VERSION = 5.0;
				TARGETED_DEVICE_FAMILY = "1,2";
				TEST_HOST = "$(BUILT_PRODUCTS_DIR)/ListLoader.app/ListLoader";
			};
			name = Release;
		};
		DC6C0E9D28953BF200255FC7 /* Debug */ = {
			isa = XCBuildConfiguration;
			buildSettings = {
				ALWAYS_EMBED_SWIFT_STANDARD_LIBRARIES = YES;
				CODE_SIGN_STYLE = Automatic;
				CURRENT_PROJECT_VERSION = 1;
				DEVELOPMENT_TEAM = N455B9353D;
				GENERATE_INFOPLIST_FILE = YES;
				MARKETING_VERSION = 1.0;
				PRODUCT_BUNDLE_IDENTIFIER = com.binshakerr.ListLoaderUITests;
				PRODUCT_NAME = "$(TARGET_NAME)";
				SWIFT_EMIT_LOC_STRINGS = NO;
				SWIFT_VERSION = 5.0;
				TARGETED_DEVICE_FAMILY = "1,2";
				TEST_TARGET_NAME = ListLoader;
			};
			name = Debug;
		};
		DC6C0E9E28953BF200255FC7 /* Release */ = {
			isa = XCBuildConfiguration;
			buildSettings = {
				ALWAYS_EMBED_SWIFT_STANDARD_LIBRARIES = YES;
				CODE_SIGN_STYLE = Automatic;
				CURRENT_PROJECT_VERSION = 1;
				DEVELOPMENT_TEAM = N455B9353D;
				GENERATE_INFOPLIST_FILE = YES;
				MARKETING_VERSION = 1.0;
				PRODUCT_BUNDLE_IDENTIFIER = com.binshakerr.ListLoaderUITests;
				PRODUCT_NAME = "$(TARGET_NAME)";
				SWIFT_EMIT_LOC_STRINGS = NO;
				SWIFT_VERSION = 5.0;
				TARGETED_DEVICE_FAMILY = "1,2";
				TEST_TARGET_NAME = ListLoader;
			};
			name = Release;
		};
/* End XCBuildConfiguration section */

/* Begin XCConfigurationList section */
		DC6C0E6728953BF100255FC7 /* Build configuration list for PBXProject "ListLoader" */ = {
			isa = XCConfigurationList;
			buildConfigurations = (
				DC6C0E9428953BF200255FC7 /* Debug */,
				DC6C0E9528953BF200255FC7 /* Release */,
			);
			defaultConfigurationIsVisible = 0;
			defaultConfigurationName = Release;
		};
		DC6C0E9628953BF200255FC7 /* Build configuration list for PBXNativeTarget "ListLoader" */ = {
			isa = XCConfigurationList;
			buildConfigurations = (
				DC6C0E9728953BF200255FC7 /* Debug */,
				DC6C0E9828953BF200255FC7 /* Release */,
			);
			defaultConfigurationIsVisible = 0;
			defaultConfigurationName = Release;
		};
		DC6C0E9928953BF200255FC7 /* Build configuration list for PBXNativeTarget "ListLoaderTests" */ = {
			isa = XCConfigurationList;
			buildConfigurations = (
				DC6C0E9A28953BF200255FC7 /* Debug */,
				DC6C0E9B28953BF200255FC7 /* Release */,
			);
			defaultConfigurationIsVisible = 0;
			defaultConfigurationName = Release;
		};
		DC6C0E9C28953BF200255FC7 /* Build configuration list for PBXNativeTarget "ListLoaderUITests" */ = {
			isa = XCConfigurationList;
			buildConfigurations = (
				DC6C0E9D28953BF200255FC7 /* Debug */,
				DC6C0E9E28953BF200255FC7 /* Release */,
			);
			defaultConfigurationIsVisible = 0;
			defaultConfigurationName = Release;
		};
/* End XCConfigurationList section */

/* Begin XCRemoteSwiftPackageReference section */
		DC6C0E9F28953CAD00255FC7 /* XCRemoteSwiftPackageReference "Kingfisher" */ = {
			isa = XCRemoteSwiftPackageReference;
			repositoryURL = "https://github.com/onevcat/Kingfisher.git";
			requirement = {
				kind = upToNextMajorVersion;
				minimumVersion = 7.0.0;
			};
		};
		DC6C0EA228953CC500255FC7 /* XCRemoteSwiftPackageReference "Alamofire" */ = {
			isa = XCRemoteSwiftPackageReference;
			repositoryURL = "https://github.com/Alamofire/Alamofire.git";
			requirement = {
				kind = upToNextMajorVersion;
				minimumVersion = 5.0.0;
			};
		};
		DC6C0EB328953E1C00255FC7 /* XCRemoteSwiftPackageReference "IQKeyboardManager" */ = {
			isa = XCRemoteSwiftPackageReference;
			repositoryURL = "https://github.com/hackiftekhar/IQKeyboardManager.git";
			requirement = {
				kind = versionRange;
				maximumVersion = 7.0.0;
				minimumVersion = 6.0.0;
			};
		};
		DC6C0EB628953EF900255FC7 /* XCRemoteSwiftPackageReference "RxSwift" */ = {
			isa = XCRemoteSwiftPackageReference;
			repositoryURL = "https://github.com/ReactiveX/RxSwift.git";
			requirement = {
				kind = exactVersion;
				version = 6.5.0;
			};
		};
		DC6C0EEF289547B200255FC7 /* XCRemoteSwiftPackageReference "NVActivityIndicatorView" */ = {
			isa = XCRemoteSwiftPackageReference;
			repositoryURL = "https://github.com/ninjaprox/NVActivityIndicatorView.git";
			requirement = {
				kind = upToNextMajorVersion;
				minimumVersion = 5.0.0;
			};
		};
		DCC6C1E428970E4800DC7276 /* XCRemoteSwiftPackageReference "RxDataSources" */ = {
			isa = XCRemoteSwiftPackageReference;
			repositoryURL = "https://github.com/RxSwiftCommunity/RxDataSources.git";
			requirement = {
				kind = upToNextMajorVersion;
				minimumVersion = 5.0.0;
			};
		};
/* End XCRemoteSwiftPackageReference section */

/* Begin XCSwiftPackageProductDependency section */
		DC6C0EA028953CAD00255FC7 /* Kingfisher */ = {
			isa = XCSwiftPackageProductDependency;
			package = DC6C0E9F28953CAD00255FC7 /* XCRemoteSwiftPackageReference "Kingfisher" */;
			productName = Kingfisher;
		};
		DC6C0EA328953CC500255FC7 /* Alamofire */ = {
			isa = XCSwiftPackageProductDependency;
			package = DC6C0EA228953CC500255FC7 /* XCRemoteSwiftPackageReference "Alamofire" */;
			productName = Alamofire;
		};
		DC6C0EB428953E1C00255FC7 /* IQKeyboardManagerSwift */ = {
			isa = XCSwiftPackageProductDependency;
			package = DC6C0EB328953E1C00255FC7 /* XCRemoteSwiftPackageReference "IQKeyboardManager" */;
			productName = IQKeyboardManagerSwift;
		};
		DC6C0EB728953EF900255FC7 /* RxBlocking */ = {
			isa = XCSwiftPackageProductDependency;
			package = DC6C0EB628953EF900255FC7 /* XCRemoteSwiftPackageReference "RxSwift" */;
			productName = RxBlocking;
		};
		DC6C0EB928953EF900255FC7 /* RxCocoa */ = {
			isa = XCSwiftPackageProductDependency;
			package = DC6C0EB628953EF900255FC7 /* XCRemoteSwiftPackageReference "RxSwift" */;
			productName = RxCocoa;
		};
		DC6C0EBB28953EF900255FC7 /* RxRelay */ = {
			isa = XCSwiftPackageProductDependency;
			package = DC6C0EB628953EF900255FC7 /* XCRemoteSwiftPackageReference "RxSwift" */;
			productName = RxRelay;
		};
		DC6C0EBD28953EF900255FC7 /* RxSwift */ = {
			isa = XCSwiftPackageProductDependency;
			package = DC6C0EB628953EF900255FC7 /* XCRemoteSwiftPackageReference "RxSwift" */;
			productName = RxSwift;
		};
		DC6C0EBF28953EF900255FC7 /* RxTest */ = {
			isa = XCSwiftPackageProductDependency;
			package = DC6C0EB628953EF900255FC7 /* XCRemoteSwiftPackageReference "RxSwift" */;
			productName = RxTest;
		};
		DC6C0EF0289547B200255FC7 /* NVActivityIndicatorView */ = {
			isa = XCSwiftPackageProductDependency;
			package = DC6C0EEF289547B200255FC7 /* XCRemoteSwiftPackageReference "NVActivityIndicatorView" */;
			productName = NVActivityIndicatorView;
		};
		DC6C0EF2289547B200255FC7 /* NVActivityIndicatorViewExtended */ = {
			isa = XCSwiftPackageProductDependency;
			package = DC6C0EEF289547B200255FC7 /* XCRemoteSwiftPackageReference "NVActivityIndicatorView" */;
			productName = NVActivityIndicatorViewExtended;
		};
		DCC6C1E528970E4800DC7276 /* Differentiator */ = {
			isa = XCSwiftPackageProductDependency;
			package = DCC6C1E428970E4800DC7276 /* XCRemoteSwiftPackageReference "RxDataSources" */;
			productName = Differentiator;
		};
		DCC6C1E728970E4800DC7276 /* RxDataSources */ = {
			isa = XCSwiftPackageProductDependency;
			package = DCC6C1E428970E4800DC7276 /* XCRemoteSwiftPackageReference "RxDataSources" */;
			productName = RxDataSources;
		};
/* End XCSwiftPackageProductDependency section */
	};
	rootObject = DC6C0E6428953BF100255FC7 /* Project object */;
}
